{
  "pins" : [
    {
      "identity" : "tbencodinghashing",
      "kind" : "remoteSourceControl",
      "location" : "https://github.com/Todd-Bowden/TBEncodingHashing.git",
      "state" : {
        "branch" : "main",
        "revision" : "5b9cb97794290be128ad516eb964f398fc4a767e"
      }
    },
    {
      "identity" : "tbfilemanager",
      "kind" : "remoteSourceControl",
      "location" : "https://github.com/Todd-Bowden/TBFileManager.git",
      "state" : {
        "branch" : "main",
        "revision" : "bed87ec81c7dc99b0f03e8773d8124e7c7aaf7bf"
      }
    }
  ],
  "version" : 2
}
